
Microsoft Visual Studio Solution File, Format Version 12.00
# Visual Studio 15
VisualStudioVersion = 15.0.27130.2024
MinimumVisualStudioVersion = 10.0.40219.1
Project("{FAE04EC0-301F-11D3-BF4B-00C04F79EFBC}") = "CodeLab", "70_483_ToolKit_For_Certification\CodeLab.csproj", "{0D821BE0-68D0-4DB8-B991-6D12EAE202A7}"
EndProject
Project("{FAE04EC0-301F-11D3-BF4B-00C04F79EFBC}") = "Chap7_SimpleApp", "Chap7_SimpleApp\Chap7_SimpleApp.csproj", "{EDA6899E-32CF-44A5-8829-1EDA93635672}"
EndProject
Project("{FAE04EC0-301F-11D3-BF4B-00C04F79EFBC}") = "Chap7_SimpleApp_WithThreads", "Chap7_SimpleApp_WithThreads\Chap7_SimpleApp_WithThreads.csproj", "{B353E239-69C0-41EF-BC76-816FA6E9F85D}"
EndProject
Project("{FAE04EC0-301F-11D3-BF4B-00C04F79EFBC}") = "Chap7_Run_in_Threadpool", "Chap7_Run_in_Threadpool\Chap7_Run_in_Threadpool.csproj", "{5E224E89-D2ED-4377-B475-024A37598E65}"
EndProject
Project("{FAE04EC0-301F-11D3-BF4B-00C04F79EFBC}") = "Chap7_Threading_with_WindowsForms_BackgroundWork", "Chap7_Threading_with_BackgroundWork\Chap7_Threading_with_WindowsForms_BackgroundWork.csproj", "{2E5E6501-B95D-4FE4-9CCB-62B399DDCF7E}"
EndProject
Project("{FAE04EC0-301F-11D3-BF4B-00C04F79EFBC}") = "Chap7_Threading_with_WPF_BackgroundWork", "Chap7_Threading_with_WPF_BackgroundWork\Chap7_Threading_with_WPF_BackgroundWork.csproj", "{317FDD3E-FE5D-4BAD-8C24-52172C09171D}"
EndProject
Project("{FAE04EC0-301F-11D3-BF4B-00C04F79EFBC}") = "Chap7_Tasks_Demo", "Chap7_Tasks_Demo\Chap7_Tasks_Demo.csproj", "{90B41F9A-D94A-4EA6-8611-0A7E41B13E70}"
EndProject
Project("{FAE04EC0-301F-11D3-BF4B-00C04F79EFBC}") = "Chap7_Parallel_For", "Chap7_Parallel_For\Chap7_Parallel_For.csproj", "{3376A228-BC1A-45F0-BF45-8CB6F406893B}"
EndProject
Project("{FAE04EC0-301F-11D3-BF4B-00C04F79EFBC}") = "Chap7_Continuations", "Chap7_Continuations\Chap7_Continuations.csproj", "{5616A59B-EAD6-4D34-AB7D-5513E28A5353}"
EndProject
Project("{FAE04EC0-301F-11D3-BF4B-00C04F79EFBC}") = "Chap7_Async_Example", "Chap7_Async_Example\Chap7_Async_Example.csproj", "{44F1FBD9-691E-4AD0-97B3-D3D8738F1AB9}"
EndProject
Project("{FAE04EC0-301F-11D3-BF4B-00C04F79EFBC}") = "Chap7_AsyncWPF", "Chap7_AsyncWPF\Chap7_AsyncWPF.csproj", "{1AD6C3CF-3B8C-4DB3-A2A8-3F75A55CB2C2}"
EndProject
Project("{FAE04EC0-301F-11D3-BF4B-00C04F79EFBC}") = "Chap7_RunThreadPoolWithEvents", "RunThreadPoolWithEvents\Chap7_RunThreadPoolWithEvents.csproj", "{BA2CE692-6A0F-4284-9B80-D37B2881B4F0}"
EndProject
Project("{FAE04EC0-301F-11D3-BF4B-00C04F79EFBC}") = "Chap7_BarrierSample", "BarrierSample\Chap7_BarrierSample.csproj", "{34748F4B-D6AD-496C-B9AA-68D2A9A4CB74}"
EndProject
Project("{FAE04EC0-301F-11D3-BF4B-00C04F79EFBC}") = "Chap7_BarriersWithCancellations", "Chap7_BarriersWithCancellations\Chap7_BarriersWithCancellations.csproj", "{1B1C195B-A9D8-45E3-8B6E-1236152224DB}"
EndProject
Project("{FAE04EC0-301F-11D3-BF4B-00C04F79EFBC}") = "Chap2_Using_if_Statements", "Chap2_Using_if_Statements\Chap2_Using_if_Statements.csproj", "{D009D731-FA97-4B2F-B36B-70C924A701CF}"
EndProject
Project("{FAE04EC0-301F-11D3-BF4B-00C04F79EFBC}") = "Chap2_Beyond_Basic_if", "Chap2_Beyond_Basic_if\Chap2_Beyond_Basic_if.csproj", "{6AB4C3FA-E089-49A5-B24F-BD80AFBCB864}"
EndProject
Project("{FAE04EC0-301F-11D3-BF4B-00C04F79EFBC}") = "Chap2_Lottery_Program", "Chap2_Lottery_Program\Chap2_Lottery_Program.csproj", "{9FD85CBF-39D8-4473-ABF8-479513887AD0}"
EndProject
Project("{FAE04EC0-301F-11D3-BF4B-00C04F79EFBC}") = "Chap2_average_grades", "Chap2_average_grades\Chap2_average_grades.csproj", "{F5565A44-0593-4E0F-BC2B-607F87C3F3A9}"
EndProject
Project("{FAE04EC0-301F-11D3-BF4B-00C04F79EFBC}") = "Chap2_Loops", "Chap2_Loops\Chap2_Loops.csproj", "{3552F8BB-9041-496F-8CF6-F5A7BBB12B65}"
EndProject
Project("{FAE04EC0-301F-11D3-BF4B-00C04F79EFBC}") = "Chap6_Static_And_Instance_Delegates", "Chap6_Static_And_Instance_Delegates\Chap6_Static_And_Instance_Delegates.csproj", "{232CE243-6528-48C4-B6E4-611803A43D9C}"
EndProject
Project("{FAE04EC0-301F-11D3-BF4B-00C04F79EFBC}") = "Chap6_AsyncLambda", "Chap6_AsyncLambda\Chap6_AsyncLambda.csproj", "{7EFB8F7F-79C3-440C-883B-84AC65A7E75F}"
EndProject
Project("{FAE04EC0-301F-11D3-BF4B-00C04F79EFBC}") = "Chap3_Creating_Structs", "Chap3_Creating_Structs\Chap3_Creating_Structs.csproj", "{438ED49A-5149-48B8-AD82-1E9AAE33D966}"
EndProject
Project("{FAE04EC0-301F-11D3-BF4B-00C04F79EFBC}") = "Chap3_using_enums", "Chap5_using_enums\Chap3_using_enums.csproj", "{46A8E609-77F4-4527-8E53-7BEFC17E22A2}"
EndProject
Project("{FAE04EC0-301F-11D3-BF4B-00C04F79EFBC}") = "Chap3_student_class", "Chap5_student_class\Chap3_student_class.csproj", "{DEABCA14-A4FC-4BF2-AB62-C822F6807D19}"
EndProject
Project("{FAE04EC0-301F-11D3-BF4B-00C04F79EFBC}") = "student_class_with_methods", "student_class_with_methods\student_class_with_methods.csproj", "{636F672E-739F-44DE-BC59-CE35D370106F}"
EndProject
Project("{FAE04EC0-301F-11D3-BF4B-00C04F79EFBC}") = "Chap3_value_type_passing", "Chap3_value_type_passing\Chap3_value_type_passing.csproj", "{285DFAD3-6584-4843-B77F-07C971A91219}"
EndProject
Project("{FAE04EC0-301F-11D3-BF4B-00C04F79EFBC}") = "Chap3_overloading_constructors", "Chap3_overloading_constructors\Chap3_overloading_constructors.csproj", "{9EC3D073-778E-466A-90C9-94638236725C}"
EndProject
Project("{FAE04EC0-301F-11D3-BF4B-00C04F79EFBC}") = "Chap3_using_properties", "Chap3_using_properties\Chap3_using_properties.csproj", "{C57F027A-EE0E-402F-BC26-01B682E2D6E8}"
EndProject
Project("{FAE04EC0-301F-11D3-BF4B-00C04F79EFBC}") = "Chap3_indexed_properties", "Chap3_indexed_properties\Chap3_indexed_properties.csproj", "{E555A9CB-810E-4F1C-B528-9483F23668B8}"
EndProject
Project("{FAE04EC0-301F-11D3-BF4B-00C04F79EFBC}") = "Chap3_generic_methods", "Chap3_generic_methods\Chap3_generic_methods.csproj", "{5F44DE0E-A154-4419-86E2-F4B99A677D06}"
EndProject
Project("{FAE04EC0-301F-11D3-BF4B-00C04F79EFBC}") = "Chap4_Checked", "Chap4_Checked\Chap4_Checked.csproj", "{44C83554-6D20-4CBD-98FB-C4918C1917E4}"
EndProject
Project("{FAE04EC0-301F-11D3-BF4B-00C04F79EFBC}") = "Chap4_IsInfinity", "Chap4_IsInfinity\Chap4_IsInfinity.csproj", "{8E351353-3E18-4A9D-B341-550C25061563}"
EndProject
Project("{FAE04EC0-301F-11D3-BF4B-00C04F79EFBC}") = "Chap4_Implicit_Complicit_Conversions", "Chap4_Implicit_Complicit_Conversions\Chap4_Implicit_Complicit_Conversions.csproj", "{528D314B-78A1-4506-B254-4AD76E70F8A9}"
EndProject
Project("{FAE04EC0-301F-11D3-BF4B-00C04F79EFBC}") = "Chap4_Casting", "Chap4_Casting\Chap4_Casting.csproj", "{37332D16-AB29-440C-A32F-1F12D8B89DF4}"
EndProject
Project("{FAE04EC0-301F-11D3-BF4B-00C04F79EFBC}") = "Chap4_Casting_Arrays", "Chap4_Casting_Arrays\Chap4_Casting_Arrays.csproj", "{FFD3EF62-319B-4D6D-B620-0634EADF9A6F}"
EndProject
Project("{FAE04EC0-301F-11D3-BF4B-00C04F79EFBC}") = "Chap4_InterOp", "WpfApp1\Chap4_InterOp.csproj", "{586BEEDB-2CC4-4AC1-ACB1-440239980DC3}"
EndProject
Project("{FAE04EC0-301F-11D3-BF4B-00C04F79EFBC}") = "Chap4_StringBuilder_demo", "Chap4_StringBuilder_demo\Chap4_StringBuilder_demo.csproj", "{7017BC96-CBD4-483A-BD58-B152CF13C4B3}"
EndProject
Project("{FAE04EC0-301F-11D3-BF4B-00C04F79EFBC}") = "Chap4_StringBuilder_Challenge", "Chap4_StringBuilder_Challenge\Chap4_StringBuilder_Challenge.csproj", "{F0D96811-3E2B-4B66-934B-A2E07CA42EC0}"
EndProject
Project("{FAE04EC0-301F-11D3-BF4B-00C04F79EFBC}") = "Chap5_Inheriting_from_BaseClass", "Chap5_Inheriting_from_BaseClass\Chap5_Inheriting_from_BaseClass.csproj", "{7BBB0B2B-6F17-46EA-925D-3131800071DC}"
EndProject
Project("{FAE04EC0-301F-11D3-BF4B-00C04F79EFBC}") = "Chap5_ThisAndThat", "Chap5_Demonstrating_Constructors\Chap5_ThisAndThat.csproj", "{4BB069DC-9DBB-4EBC-AC41-4F6249DFBA3A}"
EndProject
Project("{FAE04EC0-301F-11D3-BF4B-00C04F79EFBC}") = "Chap5_Ellipses_And_Circles", "Chap5_Ellipses_And_Circles\Chap5_Ellipses_And_Circles.csproj", "{52FD1294-8AD1-4F5E-B68B-8AF425DF79E6}"
EndProject
Project("{FAE04EC0-301F-11D3-BF4B-00C04F79EFBC}") = "Chap5_Defining_Interface", "Chap5_Defining_Interface\Chap5_Defining_Interface.csproj", "{42F3A608-DE13-4F26-8E0B-00C126545BC1}"
EndProject
Project("{FAE04EC0-301F-11D3-BF4B-00C04F79EFBC}") = "Chap5_ComparingCars", "Chap5_ComparingCars\Chap5_ComparingCars.csproj", "{CBC2DFE4-8DF6-4A9F-8141-E1D84131F60D}"
EndProject
Project("{FAE04EC0-301F-11D3-BF4B-00C04F79EFBC}") = "Chap5_IEquatable", "Chap5_IEquatable\Chap5_IEquatable.csproj", "{3E453B0C-340A-4C3D-8C78-D876C48C0519}"
EndProject
Project("{FAE04EC0-301F-11D3-BF4B-00C04F79EFBC}") = "Chap5_ICloneable", "Chap5_ICloneable\Chap5_ICloneable.csproj", "{2E4E3CF6-FE84-4F2B-BEDB-0D38AD341882}"
EndProject
Project("{FAE04EC0-301F-11D3-BF4B-00C04F79EFBC}") = "Chap5_IEnumerableTree", "TreeNode\Chap5_IEnumerableTree.csproj", "{FD496D2D-E766-4A5F-B6EB-C4D847695824}"
EndProject
Project("{FAE04EC0-301F-11D3-BF4B-00C04F79EFBC}") = "Chap5_IDisposable", "Chap5_IDisposable\Chap5_IDisposable.csproj", "{98F8FFA7-8C2E-4B7C-8897-DD27FB9077F8}"
EndProject
Project("{FAE04EC0-301F-11D3-BF4B-00C04F79EFBC}") = "Chap8_Assembly", "Chap8_Assembly\Chap8_Assembly.csproj", "{3179344C-4A41-42FC-99C2-F4D6ABAD4AA9}"
EndProject
Project("{FAE04EC0-301F-11D3-BF4B-00C04F79EFBC}") = "Chap8_Read_Attributes", "Chap8_Read_Attributes\Chap8_Read_Attributes.csproj", "{302AD355-FE41-402D-A101-D0D04EC675FA}"
EndProject
Project("{FAE04EC0-301F-11D3-BF4B-00C04F79EFBC}") = "Chap8_Create_Attributes", "Chap8_Create_Attributes\Chap8_Create_Attributes.csproj", "{806C085B-B9B5-40C2-9BF2-D681E80B6FB3}"
EndProject
Project("{FAE04EC0-301F-11D3-BF4B-00C04F79EFBC}") = "Chap8_Using_Custom_Attributes", "Chap8_Using_Custom_Attributes\Chap8_Using_Custom_Attributes.csproj", "{60D5F5E8-C653-4173-948E-C134A02756BA}"
EndProject
Project("{FAE04EC0-301F-11D3-BF4B-00C04F79EFBC}") = "Chap8_Calculator", "Chap8_Calculator\Chap8_Calculator.csproj", "{48C304D5-AE67-457E-82CA-9BB1EB10DF5F}"
EndProject
Global
	GlobalSection(SolutionConfigurationPlatforms) = preSolution
		Debug|Any CPU = Debug|Any CPU
		Release|Any CPU = Release|Any CPU
	EndGlobalSection
	GlobalSection(ProjectConfigurationPlatforms) = postSolution
		{0D821BE0-68D0-4DB8-B991-6D12EAE202A7}.Debug|Any CPU.ActiveCfg = Debug|Any CPU
		{0D821BE0-68D0-4DB8-B991-6D12EAE202A7}.Debug|Any CPU.Build.0 = Debug|Any CPU
		{0D821BE0-68D0-4DB8-B991-6D12EAE202A7}.Release|Any CPU.ActiveCfg = Release|Any CPU
		{0D821BE0-68D0-4DB8-B991-6D12EAE202A7}.Release|Any CPU.Build.0 = Release|Any CPU
		{EDA6899E-32CF-44A5-8829-1EDA93635672}.Debug|Any CPU.ActiveCfg = Debug|Any CPU
		{EDA6899E-32CF-44A5-8829-1EDA93635672}.Debug|Any CPU.Build.0 = Debug|Any CPU
		{EDA6899E-32CF-44A5-8829-1EDA93635672}.Release|Any CPU.ActiveCfg = Release|Any CPU
		{EDA6899E-32CF-44A5-8829-1EDA93635672}.Release|Any CPU.Build.0 = Release|Any CPU
		{B353E239-69C0-41EF-BC76-816FA6E9F85D}.Debug|Any CPU.ActiveCfg = Debug|Any CPU
		{B353E239-69C0-41EF-BC76-816FA6E9F85D}.Debug|Any CPU.Build.0 = Debug|Any CPU
		{B353E239-69C0-41EF-BC76-816FA6E9F85D}.Release|Any CPU.ActiveCfg = Release|Any CPU
		{B353E239-69C0-41EF-BC76-816FA6E9F85D}.Release|Any CPU.Build.0 = Release|Any CPU
		{5E224E89-D2ED-4377-B475-024A37598E65}.Debug|Any CPU.ActiveCfg = Debug|Any CPU
		{5E224E89-D2ED-4377-B475-024A37598E65}.Debug|Any CPU.Build.0 = Debug|Any CPU
		{5E224E89-D2ED-4377-B475-024A37598E65}.Release|Any CPU.ActiveCfg = Release|Any CPU
		{5E224E89-D2ED-4377-B475-024A37598E65}.Release|Any CPU.Build.0 = Release|Any CPU
		{2E5E6501-B95D-4FE4-9CCB-62B399DDCF7E}.Debug|Any CPU.ActiveCfg = Debug|Any CPU
		{2E5E6501-B95D-4FE4-9CCB-62B399DDCF7E}.Debug|Any CPU.Build.0 = Debug|Any CPU
		{2E5E6501-B95D-4FE4-9CCB-62B399DDCF7E}.Release|Any CPU.ActiveCfg = Release|Any CPU
		{2E5E6501-B95D-4FE4-9CCB-62B399DDCF7E}.Release|Any CPU.Build.0 = Release|Any CPU
		{317FDD3E-FE5D-4BAD-8C24-52172C09171D}.Debug|Any CPU.ActiveCfg = Debug|Any CPU
		{317FDD3E-FE5D-4BAD-8C24-52172C09171D}.Debug|Any CPU.Build.0 = Debug|Any CPU
		{317FDD3E-FE5D-4BAD-8C24-52172C09171D}.Release|Any CPU.ActiveCfg = Release|Any CPU
		{317FDD3E-FE5D-4BAD-8C24-52172C09171D}.Release|Any CPU.Build.0 = Release|Any CPU
		{90B41F9A-D94A-4EA6-8611-0A7E41B13E70}.Debug|Any CPU.ActiveCfg = Debug|Any CPU
		{90B41F9A-D94A-4EA6-8611-0A7E41B13E70}.Debug|Any CPU.Build.0 = Debug|Any CPU
		{90B41F9A-D94A-4EA6-8611-0A7E41B13E70}.Release|Any CPU.ActiveCfg = Release|Any CPU
		{90B41F9A-D94A-4EA6-8611-0A7E41B13E70}.Release|Any CPU.Build.0 = Release|Any CPU
		{3376A228-BC1A-45F0-BF45-8CB6F406893B}.Debug|Any CPU.ActiveCfg = Debug|Any CPU
		{3376A228-BC1A-45F0-BF45-8CB6F406893B}.Debug|Any CPU.Build.0 = Debug|Any CPU
		{3376A228-BC1A-45F0-BF45-8CB6F406893B}.Release|Any CPU.ActiveCfg = Release|Any CPU
		{3376A228-BC1A-45F0-BF45-8CB6F406893B}.Release|Any CPU.Build.0 = Release|Any CPU
		{5616A59B-EAD6-4D34-AB7D-5513E28A5353}.Debug|Any CPU.ActiveCfg = Debug|Any CPU
		{5616A59B-EAD6-4D34-AB7D-5513E28A5353}.Debug|Any CPU.Build.0 = Debug|Any CPU
		{5616A59B-EAD6-4D34-AB7D-5513E28A5353}.Release|Any CPU.ActiveCfg = Release|Any CPU
		{5616A59B-EAD6-4D34-AB7D-5513E28A5353}.Release|Any CPU.Build.0 = Release|Any CPU
		{44F1FBD9-691E-4AD0-97B3-D3D8738F1AB9}.Debug|Any CPU.ActiveCfg = Debug|Any CPU
		{44F1FBD9-691E-4AD0-97B3-D3D8738F1AB9}.Debug|Any CPU.Build.0 = Debug|Any CPU
		{44F1FBD9-691E-4AD0-97B3-D3D8738F1AB9}.Release|Any CPU.ActiveCfg = Release|Any CPU
		{44F1FBD9-691E-4AD0-97B3-D3D8738F1AB9}.Release|Any CPU.Build.0 = Release|Any CPU
		{1AD6C3CF-3B8C-4DB3-A2A8-3F75A55CB2C2}.Debug|Any CPU.ActiveCfg = Debug|Any CPU
		{1AD6C3CF-3B8C-4DB3-A2A8-3F75A55CB2C2}.Debug|Any CPU.Build.0 = Debug|Any CPU
		{1AD6C3CF-3B8C-4DB3-A2A8-3F75A55CB2C2}.Release|Any CPU.ActiveCfg = Release|Any CPU
		{1AD6C3CF-3B8C-4DB3-A2A8-3F75A55CB2C2}.Release|Any CPU.Build.0 = Release|Any CPU
		{BA2CE692-6A0F-4284-9B80-D37B2881B4F0}.Debug|Any CPU.ActiveCfg = Debug|Any CPU
		{BA2CE692-6A0F-4284-9B80-D37B2881B4F0}.Debug|Any CPU.Build.0 = Debug|Any CPU
		{BA2CE692-6A0F-4284-9B80-D37B2881B4F0}.Release|Any CPU.ActiveCfg = Release|Any CPU
		{BA2CE692-6A0F-4284-9B80-D37B2881B4F0}.Release|Any CPU.Build.0 = Release|Any CPU
		{34748F4B-D6AD-496C-B9AA-68D2A9A4CB74}.Debug|Any CPU.ActiveCfg = Debug|Any CPU
		{34748F4B-D6AD-496C-B9AA-68D2A9A4CB74}.Debug|Any CPU.Build.0 = Debug|Any CPU
		{34748F4B-D6AD-496C-B9AA-68D2A9A4CB74}.Release|Any CPU.ActiveCfg = Release|Any CPU
		{34748F4B-D6AD-496C-B9AA-68D2A9A4CB74}.Release|Any CPU.Build.0 = Release|Any CPU
		{1B1C195B-A9D8-45E3-8B6E-1236152224DB}.Debug|Any CPU.ActiveCfg = Debug|Any CPU
		{1B1C195B-A9D8-45E3-8B6E-1236152224DB}.Debug|Any CPU.Build.0 = Debug|Any CPU
		{1B1C195B-A9D8-45E3-8B6E-1236152224DB}.Release|Any CPU.ActiveCfg = Release|Any CPU
		{1B1C195B-A9D8-45E3-8B6E-1236152224DB}.Release|Any CPU.Build.0 = Release|Any CPU
		{D009D731-FA97-4B2F-B36B-70C924A701CF}.Debug|Any CPU.ActiveCfg = Debug|Any CPU
		{D009D731-FA97-4B2F-B36B-70C924A701CF}.Debug|Any CPU.Build.0 = Debug|Any CPU
		{D009D731-FA97-4B2F-B36B-70C924A701CF}.Release|Any CPU.ActiveCfg = Release|Any CPU
		{D009D731-FA97-4B2F-B36B-70C924A701CF}.Release|Any CPU.Build.0 = Release|Any CPU
		{6AB4C3FA-E089-49A5-B24F-BD80AFBCB864}.Debug|Any CPU.ActiveCfg = Debug|Any CPU
		{6AB4C3FA-E089-49A5-B24F-BD80AFBCB864}.Debug|Any CPU.Build.0 = Debug|Any CPU
		{6AB4C3FA-E089-49A5-B24F-BD80AFBCB864}.Release|Any CPU.ActiveCfg = Release|Any CPU
		{6AB4C3FA-E089-49A5-B24F-BD80AFBCB864}.Release|Any CPU.Build.0 = Release|Any CPU
		{9FD85CBF-39D8-4473-ABF8-479513887AD0}.Debug|Any CPU.ActiveCfg = Debug|Any CPU
		{9FD85CBF-39D8-4473-ABF8-479513887AD0}.Debug|Any CPU.Build.0 = Debug|Any CPU
		{9FD85CBF-39D8-4473-ABF8-479513887AD0}.Release|Any CPU.ActiveCfg = Release|Any CPU
		{9FD85CBF-39D8-4473-ABF8-479513887AD0}.Release|Any CPU.Build.0 = Release|Any CPU
		{F5565A44-0593-4E0F-BC2B-607F87C3F3A9}.Debug|Any CPU.ActiveCfg = Debug|Any CPU
		{F5565A44-0593-4E0F-BC2B-607F87C3F3A9}.Debug|Any CPU.Build.0 = Debug|Any CPU
		{F5565A44-0593-4E0F-BC2B-607F87C3F3A9}.Release|Any CPU.ActiveCfg = Release|Any CPU
		{F5565A44-0593-4E0F-BC2B-607F87C3F3A9}.Release|Any CPU.Build.0 = Release|Any CPU
		{3552F8BB-9041-496F-8CF6-F5A7BBB12B65}.Debug|Any CPU.ActiveCfg = Debug|Any CPU
		{3552F8BB-9041-496F-8CF6-F5A7BBB12B65}.Debug|Any CPU.Build.0 = Debug|Any CPU
		{3552F8BB-9041-496F-8CF6-F5A7BBB12B65}.Release|Any CPU.ActiveCfg = Release|Any CPU
		{3552F8BB-9041-496F-8CF6-F5A7BBB12B65}.Release|Any CPU.Build.0 = Release|Any CPU
		{232CE243-6528-48C4-B6E4-611803A43D9C}.Debug|Any CPU.ActiveCfg = Debug|Any CPU
		{232CE243-6528-48C4-B6E4-611803A43D9C}.Debug|Any CPU.Build.0 = Debug|Any CPU
		{232CE243-6528-48C4-B6E4-611803A43D9C}.Release|Any CPU.ActiveCfg = Release|Any CPU
		{232CE243-6528-48C4-B6E4-611803A43D9C}.Release|Any CPU.Build.0 = Release|Any CPU
		{7EFB8F7F-79C3-440C-883B-84AC65A7E75F}.Debug|Any CPU.ActiveCfg = Debug|Any CPU
		{7EFB8F7F-79C3-440C-883B-84AC65A7E75F}.Debug|Any CPU.Build.0 = Debug|Any CPU
		{7EFB8F7F-79C3-440C-883B-84AC65A7E75F}.Release|Any CPU.ActiveCfg = Release|Any CPU
		{7EFB8F7F-79C3-440C-883B-84AC65A7E75F}.Release|Any CPU.Build.0 = Release|Any CPU
		{438ED49A-5149-48B8-AD82-1E9AAE33D966}.Debug|Any CPU.ActiveCfg = Debug|Any CPU
		{438ED49A-5149-48B8-AD82-1E9AAE33D966}.Debug|Any CPU.Build.0 = Debug|Any CPU
		{438ED49A-5149-48B8-AD82-1E9AAE33D966}.Release|Any CPU.ActiveCfg = Release|Any CPU
		{438ED49A-5149-48B8-AD82-1E9AAE33D966}.Release|Any CPU.Build.0 = Release|Any CPU
		{46A8E609-77F4-4527-8E53-7BEFC17E22A2}.Debug|Any CPU.ActiveCfg = Debug|Any CPU
		{46A8E609-77F4-4527-8E53-7BEFC17E22A2}.Debug|Any CPU.Build.0 = Debug|Any CPU
		{46A8E609-77F4-4527-8E53-7BEFC17E22A2}.Release|Any CPU.ActiveCfg = Release|Any CPU
		{46A8E609-77F4-4527-8E53-7BEFC17E22A2}.Release|Any CPU.Build.0 = Release|Any CPU
		{DEABCA14-A4FC-4BF2-AB62-C822F6807D19}.Debug|Any CPU.ActiveCfg = Debug|Any CPU
		{DEABCA14-A4FC-4BF2-AB62-C822F6807D19}.Debug|Any CPU.Build.0 = Debug|Any CPU
		{DEABCA14-A4FC-4BF2-AB62-C822F6807D19}.Release|Any CPU.ActiveCfg = Release|Any CPU
		{DEABCA14-A4FC-4BF2-AB62-C822F6807D19}.Release|Any CPU.Build.0 = Release|Any CPU
		{636F672E-739F-44DE-BC59-CE35D370106F}.Debug|Any CPU.ActiveCfg = Debug|Any CPU
		{636F672E-739F-44DE-BC59-CE35D370106F}.Debug|Any CPU.Build.0 = Debug|Any CPU
		{636F672E-739F-44DE-BC59-CE35D370106F}.Release|Any CPU.ActiveCfg = Release|Any CPU
		{636F672E-739F-44DE-BC59-CE35D370106F}.Release|Any CPU.Build.0 = Release|Any CPU
		{285DFAD3-6584-4843-B77F-07C971A91219}.Debug|Any CPU.ActiveCfg = Debug|Any CPU
		{285DFAD3-6584-4843-B77F-07C971A91219}.Debug|Any CPU.Build.0 = Debug|Any CPU
		{285DFAD3-6584-4843-B77F-07C971A91219}.Release|Any CPU.ActiveCfg = Release|Any CPU
		{285DFAD3-6584-4843-B77F-07C971A91219}.Release|Any CPU.Build.0 = Release|Any CPU
		{9EC3D073-778E-466A-90C9-94638236725C}.Debug|Any CPU.ActiveCfg = Debug|Any CPU
		{9EC3D073-778E-466A-90C9-94638236725C}.Debug|Any CPU.Build.0 = Debug|Any CPU
		{9EC3D073-778E-466A-90C9-94638236725C}.Release|Any CPU.ActiveCfg = Release|Any CPU
		{9EC3D073-778E-466A-90C9-94638236725C}.Release|Any CPU.Build.0 = Release|Any CPU
		{C57F027A-EE0E-402F-BC26-01B682E2D6E8}.Debug|Any CPU.ActiveCfg = Debug|Any CPU
		{C57F027A-EE0E-402F-BC26-01B682E2D6E8}.Debug|Any CPU.Build.0 = Debug|Any CPU
		{C57F027A-EE0E-402F-BC26-01B682E2D6E8}.Release|Any CPU.ActiveCfg = Release|Any CPU
		{C57F027A-EE0E-402F-BC26-01B682E2D6E8}.Release|Any CPU.Build.0 = Release|Any CPU
		{E555A9CB-810E-4F1C-B528-9483F23668B8}.Debug|Any CPU.ActiveCfg = Debug|Any CPU
		{E555A9CB-810E-4F1C-B528-9483F23668B8}.Debug|Any CPU.Build.0 = Debug|Any CPU
		{E555A9CB-810E-4F1C-B528-9483F23668B8}.Release|Any CPU.ActiveCfg = Release|Any CPU
		{E555A9CB-810E-4F1C-B528-9483F23668B8}.Release|Any CPU.Build.0 = Release|Any CPU
		{5F44DE0E-A154-4419-86E2-F4B99A677D06}.Debug|Any CPU.ActiveCfg = Debug|Any CPU
		{5F44DE0E-A154-4419-86E2-F4B99A677D06}.Debug|Any CPU.Build.0 = Debug|Any CPU
		{5F44DE0E-A154-4419-86E2-F4B99A677D06}.Release|Any CPU.ActiveCfg = Release|Any CPU
		{5F44DE0E-A154-4419-86E2-F4B99A677D06}.Release|Any CPU.Build.0 = Release|Any CPU
		{44C83554-6D20-4CBD-98FB-C4918C1917E4}.Debug|Any CPU.ActiveCfg = Debug|Any CPU
		{44C83554-6D20-4CBD-98FB-C4918C1917E4}.Debug|Any CPU.Build.0 = Debug|Any CPU
		{44C83554-6D20-4CBD-98FB-C4918C1917E4}.Release|Any CPU.ActiveCfg = Release|Any CPU
		{44C83554-6D20-4CBD-98FB-C4918C1917E4}.Release|Any CPU.Build.0 = Release|Any CPU
		{8E351353-3E18-4A9D-B341-550C25061563}.Debug|Any CPU.ActiveCfg = Debug|Any CPU
		{8E351353-3E18-4A9D-B341-550C25061563}.Debug|Any CPU.Build.0 = Debug|Any CPU
		{8E351353-3E18-4A9D-B341-550C25061563}.Release|Any CPU.ActiveCfg = Release|Any CPU
		{8E351353-3E18-4A9D-B341-550C25061563}.Release|Any CPU.Build.0 = Release|Any CPU
		{528D314B-78A1-4506-B254-4AD76E70F8A9}.Debug|Any CPU.ActiveCfg = Debug|Any CPU
		{528D314B-78A1-4506-B254-4AD76E70F8A9}.Debug|Any CPU.Build.0 = Debug|Any CPU
		{528D314B-78A1-4506-B254-4AD76E70F8A9}.Release|Any CPU.ActiveCfg = Release|Any CPU
		{528D314B-78A1-4506-B254-4AD76E70F8A9}.Release|Any CPU.Build.0 = Release|Any CPU
		{37332D16-AB29-440C-A32F-1F12D8B89DF4}.Debug|Any CPU.ActiveCfg = Debug|Any CPU
		{37332D16-AB29-440C-A32F-1F12D8B89DF4}.Debug|Any CPU.Build.0 = Debug|Any CPU
		{37332D16-AB29-440C-A32F-1F12D8B89DF4}.Release|Any CPU.ActiveCfg = Release|Any CPU
		{37332D16-AB29-440C-A32F-1F12D8B89DF4}.Release|Any CPU.Build.0 = Release|Any CPU
		{FFD3EF62-319B-4D6D-B620-0634EADF9A6F}.Debug|Any CPU.ActiveCfg = Debug|Any CPU
		{FFD3EF62-319B-4D6D-B620-0634EADF9A6F}.Debug|Any CPU.Build.0 = Debug|Any CPU
		{FFD3EF62-319B-4D6D-B620-0634EADF9A6F}.Release|Any CPU.ActiveCfg = Release|Any CPU
		{FFD3EF62-319B-4D6D-B620-0634EADF9A6F}.Release|Any CPU.Build.0 = Release|Any CPU
		{586BEEDB-2CC4-4AC1-ACB1-440239980DC3}.Debug|Any CPU.ActiveCfg = Debug|Any CPU
		{586BEEDB-2CC4-4AC1-ACB1-440239980DC3}.Debug|Any CPU.Build.0 = Debug|Any CPU
		{586BEEDB-2CC4-4AC1-ACB1-440239980DC3}.Release|Any CPU.ActiveCfg = Release|Any CPU
		{586BEEDB-2CC4-4AC1-ACB1-440239980DC3}.Release|Any CPU.Build.0 = Release|Any CPU
		{7017BC96-CBD4-483A-BD58-B152CF13C4B3}.Debug|Any CPU.ActiveCfg = Debug|Any CPU
		{7017BC96-CBD4-483A-BD58-B152CF13C4B3}.Debug|Any CPU.Build.0 = Debug|Any CPU
		{7017BC96-CBD4-483A-BD58-B152CF13C4B3}.Release|Any CPU.ActiveCfg = Release|Any CPU
		{7017BC96-CBD4-483A-BD58-B152CF13C4B3}.Release|Any CPU.Build.0 = Release|Any CPU
		{F0D96811-3E2B-4B66-934B-A2E07CA42EC0}.Debug|Any CPU.ActiveCfg = Debug|Any CPU
		{F0D96811-3E2B-4B66-934B-A2E07CA42EC0}.Debug|Any CPU.Build.0 = Debug|Any CPU
		{F0D96811-3E2B-4B66-934B-A2E07CA42EC0}.Release|Any CPU.ActiveCfg = Release|Any CPU
		{F0D96811-3E2B-4B66-934B-A2E07CA42EC0}.Release|Any CPU.Build.0 = Release|Any CPU
		{7BBB0B2B-6F17-46EA-925D-3131800071DC}.Debug|Any CPU.ActiveCfg = Debug|Any CPU
		{7BBB0B2B-6F17-46EA-925D-3131800071DC}.Debug|Any CPU.Build.0 = Debug|Any CPU
		{7BBB0B2B-6F17-46EA-925D-3131800071DC}.Release|Any CPU.ActiveCfg = Release|Any CPU
		{7BBB0B2B-6F17-46EA-925D-3131800071DC}.Release|Any CPU.Build.0 = Release|Any CPU
		{4BB069DC-9DBB-4EBC-AC41-4F6249DFBA3A}.Debug|Any CPU.ActiveCfg = Debug|Any CPU
		{4BB069DC-9DBB-4EBC-AC41-4F6249DFBA3A}.Debug|Any CPU.Build.0 = Debug|Any CPU
		{4BB069DC-9DBB-4EBC-AC41-4F6249DFBA3A}.Release|Any CPU.ActiveCfg = Release|Any CPU
		{4BB069DC-9DBB-4EBC-AC41-4F6249DFBA3A}.Release|Any CPU.Build.0 = Release|Any CPU
		{52FD1294-8AD1-4F5E-B68B-8AF425DF79E6}.Debug|Any CPU.ActiveCfg = Debug|Any CPU
		{52FD1294-8AD1-4F5E-B68B-8AF425DF79E6}.Debug|Any CPU.Build.0 = Debug|Any CPU
		{52FD1294-8AD1-4F5E-B68B-8AF425DF79E6}.Release|Any CPU.ActiveCfg = Release|Any CPU
		{52FD1294-8AD1-4F5E-B68B-8AF425DF79E6}.Release|Any CPU.Build.0 = Release|Any CPU
		{42F3A608-DE13-4F26-8E0B-00C126545BC1}.Debug|Any CPU.ActiveCfg = Debug|Any CPU
		{42F3A608-DE13-4F26-8E0B-00C126545BC1}.Debug|Any CPU.Build.0 = Debug|Any CPU
		{42F3A608-DE13-4F26-8E0B-00C126545BC1}.Release|Any CPU.ActiveCfg = Release|Any CPU
		{42F3A608-DE13-4F26-8E0B-00C126545BC1}.Release|Any CPU.Build.0 = Release|Any CPU
		{CBC2DFE4-8DF6-4A9F-8141-E1D84131F60D}.Debug|Any CPU.ActiveCfg = Debug|Any CPU
		{CBC2DFE4-8DF6-4A9F-8141-E1D84131F60D}.Debug|Any CPU.Build.0 = Debug|Any CPU
		{CBC2DFE4-8DF6-4A9F-8141-E1D84131F60D}.Release|Any CPU.ActiveCfg = Release|Any CPU
		{CBC2DFE4-8DF6-4A9F-8141-E1D84131F60D}.Release|Any CPU.Build.0 = Release|Any CPU
		{3E453B0C-340A-4C3D-8C78-D876C48C0519}.Debug|Any CPU.ActiveCfg = Debug|Any CPU
		{3E453B0C-340A-4C3D-8C78-D876C48C0519}.Debug|Any CPU.Build.0 = Debug|Any CPU
		{3E453B0C-340A-4C3D-8C78-D876C48C0519}.Release|Any CPU.ActiveCfg = Release|Any CPU
		{3E453B0C-340A-4C3D-8C78-D876C48C0519}.Release|Any CPU.Build.0 = Release|Any CPU
		{2E4E3CF6-FE84-4F2B-BEDB-0D38AD341882}.Debug|Any CPU.ActiveCfg = Debug|Any CPU
		{2E4E3CF6-FE84-4F2B-BEDB-0D38AD341882}.Debug|Any CPU.Build.0 = Debug|Any CPU
		{2E4E3CF6-FE84-4F2B-BEDB-0D38AD341882}.Release|Any CPU.ActiveCfg = Release|Any CPU
		{2E4E3CF6-FE84-4F2B-BEDB-0D38AD341882}.Release|Any CPU.Build.0 = Release|Any CPU
		{FD496D2D-E766-4A5F-B6EB-C4D847695824}.Debug|Any CPU.ActiveCfg = Debug|Any CPU
		{FD496D2D-E766-4A5F-B6EB-C4D847695824}.Debug|Any CPU.Build.0 = Debug|Any CPU
		{FD496D2D-E766-4A5F-B6EB-C4D847695824}.Release|Any CPU.ActiveCfg = Release|Any CPU
		{FD496D2D-E766-4A5F-B6EB-C4D847695824}.Release|Any CPU.Build.0 = Release|Any CPU
		{98F8FFA7-8C2E-4B7C-8897-DD27FB9077F8}.Debug|Any CPU.ActiveCfg = Debug|Any CPU
		{98F8FFA7-8C2E-4B7C-8897-DD27FB9077F8}.Debug|Any CPU.Build.0 = Debug|Any CPU
		{98F8FFA7-8C2E-4B7C-8897-DD27FB9077F8}.Release|Any CPU.ActiveCfg = Release|Any CPU
		{98F8FFA7-8C2E-4B7C-8897-DD27FB9077F8}.Release|Any CPU.Build.0 = Release|Any CPU
		{3179344C-4A41-42FC-99C2-F4D6ABAD4AA9}.Debug|Any CPU.ActiveCfg = Debug|Any CPU
		{3179344C-4A41-42FC-99C2-F4D6ABAD4AA9}.Debug|Any CPU.Build.0 = Debug|Any CPU
		{3179344C-4A41-42FC-99C2-F4D6ABAD4AA9}.Release|Any CPU.ActiveCfg = Release|Any CPU
		{3179344C-4A41-42FC-99C2-F4D6ABAD4AA9}.Release|Any CPU.Build.0 = Release|Any CPU
		{302AD355-FE41-402D-A101-D0D04EC675FA}.Debug|Any CPU.ActiveCfg = Debug|Any CPU
		{302AD355-FE41-402D-A101-D0D04EC675FA}.Debug|Any CPU.Build.0 = Debug|Any CPU
		{302AD355-FE41-402D-A101-D0D04EC675FA}.Release|Any CPU.ActiveCfg = Release|Any CPU
		{302AD355-FE41-402D-A101-D0D04EC675FA}.Release|Any CPU.Build.0 = Release|Any CPU
		{806C085B-B9B5-40C2-9BF2-D681E80B6FB3}.Debug|Any CPU.ActiveCfg = Debug|Any CPU
		{806C085B-B9B5-40C2-9BF2-D681E80B6FB3}.Debug|Any CPU.Build.0 = Debug|Any CPU
		{806C085B-B9B5-40C2-9BF2-D681E80B6FB3}.Release|Any CPU.ActiveCfg = Release|Any CPU
		{806C085B-B9B5-40C2-9BF2-D681E80B6FB3}.Release|Any CPU.Build.0 = Release|Any CPU
		{60D5F5E8-C653-4173-948E-C134A02756BA}.Debug|Any CPU.ActiveCfg = Debug|Any CPU
		{60D5F5E8-C653-4173-948E-C134A02756BA}.Debug|Any CPU.Build.0 = Debug|Any CPU
		{60D5F5E8-C653-4173-948E-C134A02756BA}.Release|Any CPU.ActiveCfg = Release|Any CPU
		{60D5F5E8-C653-4173-948E-C134A02756BA}.Release|Any CPU.Build.0 = Release|Any CPU
		{48C304D5-AE67-457E-82CA-9BB1EB10DF5F}.Debug|Any CPU.ActiveCfg = Debug|Any CPU
		{48C304D5-AE67-457E-82CA-9BB1EB10DF5F}.Debug|Any CPU.Build.0 = Debug|Any CPU
		{48C304D5-AE67-457E-82CA-9BB1EB10DF5F}.Release|Any CPU.ActiveCfg = Release|Any CPU
		{48C304D5-AE67-457E-82CA-9BB1EB10DF5F}.Release|Any CPU.Build.0 = Release|Any CPU
	EndGlobalSection
	GlobalSection(SolutionProperties) = preSolution
		HideSolutionNode = FALSE
	EndGlobalSection
	GlobalSection(ExtensibilityGlobals) = postSolution
		SolutionGuid = {68CE8FD3-19CA-4746-93D0-7197C88E04FB}
	EndGlobalSection
EndGlobal
